
Microsoft Visual Studio Solution File, Format Version 12.00
# Visual Studio Version 17
VisualStudioVersion = 17.0.31903.59
MinimumVisualStudioVersion = 10.0.40219.1
Project("{2150E333-8FDC-42A3-9474-1A3956D46DE8}") = "Delegate", "Delegate", "{4CB6805B-1BB7-4EA2-8922-51FA063369EC}"
EndProject
Project("{FAE04EC0-301F-11D3-BF4B-00C04F79EFBC}") = "MyApp", "Delegate\MyApp\MyApp.csproj", "{9A60F3DE-2955-4C06-99A3-0005DA0438D4}"
EndProject
Project("{2150E333-8FDC-42A3-9474-1A3956D46DE8}") = "Event", "Event", "{DB861CAC-43B9-4428-9271-7B0F2F95DFF2}"
EndProject
Project("{FAE04EC0-301F-11D3-BF4B-00C04F79EFBC}") = "MyApp", "Event\MyApp\MyApp.csproj", "{9F3B6AFE-24ED-4AE0-8FAF-19905D645F83}"
EndProject
Project("{2150E333-8FDC-42A3-9474-1A3956D46DE8}") = "Lambda", "Lambda", "{FBA09306-034F-4D75-A97D-4AC02ACA4C44}"
EndProject
Project("{FAE04EC0-301F-11D3-BF4B-00C04F79EFBC}") = "MyApp", "Lambda\MyApp\MyApp.csproj", "{3C88086E-AC25-4D26-BD39-4FBDA2D1B053}"
EndProject
Project("{2150E333-8FDC-42A3-9474-1A3956D46DE8}") = "Linq", "Linq", "{FE64EA92-9B34-4AA4-A39C-89E6841067E5}"
EndProject
Project("{FAE04EC0-301F-11D3-BF4B-00C04F79EFBC}") = "MyApp", "Linq\MyApp\MyApp.csproj", "{BA4BFAE4-6507-4553-9DE9-7DEF0A382210}"
EndProject
Global
	GlobalSection(SolutionConfigurationPlatforms) = preSolution
		Debug|Any CPU = Debug|Any CPU
		Release|Any CPU = Release|Any CPU
	EndGlobalSection
	GlobalSection(SolutionProperties) = preSolution
		HideSolutionNode = FALSE
	EndGlobalSection
	GlobalSection(ProjectConfigurationPlatforms) = postSolution
		{9A60F3DE-2955-4C06-99A3-0005DA0438D4}.Debug|Any CPU.ActiveCfg = Debug|Any CPU
		{9A60F3DE-2955-4C06-99A3-0005DA0438D4}.Debug|Any CPU.Build.0 = Debug|Any CPU
		{9A60F3DE-2955-4C06-99A3-0005DA0438D4}.Release|Any CPU.ActiveCfg = Release|Any CPU
		{9A60F3DE-2955-4C06-99A3-0005DA0438D4}.Release|Any CPU.Build.0 = Release|Any CPU
		{9F3B6AFE-24ED-4AE0-8FAF-19905D645F83}.Debug|Any CPU.ActiveCfg = Debug|Any CPU
		{9F3B6AFE-24ED-4AE0-8FAF-19905D645F83}.Debug|Any CPU.Build.0 = Debug|Any CPU
		{9F3B6AFE-24ED-4AE0-8FAF-19905D645F83}.Release|Any CPU.ActiveCfg = Release|Any CPU
		{9F3B6AFE-24ED-4AE0-8FAF-19905D645F83}.Release|Any CPU.Build.0 = Release|Any CPU
		{3C88086E-AC25-4D26-BD39-4FBDA2D1B053}.Debug|Any CPU.ActiveCfg = Debug|Any CPU
		{3C88086E-AC25-4D26-BD39-4FBDA2D1B053}.Debug|Any CPU.Build.0 = Debug|Any CPU
		{3C88086E-AC25-4D26-BD39-4FBDA2D1B053}.Release|Any CPU.ActiveCfg = Release|Any CPU
		{3C88086E-AC25-4D26-BD39-4FBDA2D1B053}.Release|Any CPU.Build.0 = Release|Any CPU
		{BA4BFAE4-6507-4553-9DE9-7DEF0A382210}.Debug|Any CPU.ActiveCfg = Debug|Any CPU
		{BA4BFAE4-6507-4553-9DE9-7DEF0A382210}.Debug|Any CPU.Build.0 = Debug|Any CPU
		{BA4BFAE4-6507-4553-9DE9-7DEF0A382210}.Release|Any CPU.ActiveCfg = Release|Any CPU
		{BA4BFAE4-6507-4553-9DE9-7DEF0A382210}.Release|Any CPU.Build.0 = Release|Any CPU
	EndGlobalSection
	GlobalSection(NestedProjects) = preSolution
		{9A60F3DE-2955-4C06-99A3-0005DA0438D4} = {4CB6805B-1BB7-4EA2-8922-51FA063369EC}
		{9F3B6AFE-24ED-4AE0-8FAF-19905D645F83} = {DB861CAC-43B9-4428-9271-7B0F2F95DFF2}
		{3C88086E-AC25-4D26-BD39-4FBDA2D1B053} = {FBA09306-034F-4D75-A97D-4AC02ACA4C44}
		{BA4BFAE4-6507-4553-9DE9-7DEF0A382210} = {FE64EA92-9B34-4AA4-A39C-89E6841067E5}
	EndGlobalSection
EndGlobal
